
Microsoft Visual Studio Solution File, Format Version 12.00
# Visual Studio Version 16
VisualStudioVersion = 16.0.31624.102
MinimumVisualStudioVersion = 10.0.40219.1
Project("{FAE04EC0-301F-11D3-BF4B-00C04F79EFBC}") = "ConsoleApp3", "ConsoleApp3\ConsoleApp3.csproj", "{5687D5A6-A3FE-42C9-8182-6D7AA493DCFE}"
EndProject
Global
	GlobalSection(SolutionConfigurationPlatforms) = preSolution
		Debug|Any CPU = Debug|Any CPU
		Release|Any CPU = Release|Any CPU
	EndGlobalSection
	GlobalSection(ProjectConfigurationPlatforms) = postSolution
		{5687D5A6-A3FE-42C9-8182-6D7AA493DCFE}.Debug|Any CPU.ActiveCfg = Debug|Any CPU
		{5687D5A6-A3FE-42C9-8182-6D7AA493DCFE}.Debug|Any CPU.Build.0 = Debug|Any CPU
		{5687D5A6-A3FE-42C9-8182-6D7AA493DCFE}.Release|Any CPU.ActiveCfg = Release|Any CPU
		{5687D5A6-A3FE-42C9-8182-6D7AA493DCFE}.Release|Any CPU.Build.0 = Release|Any CPU
	EndGlobalSection
	GlobalSection(SolutionProperties) = preSolution
		HideSolutionNode = FALSE
	EndGlobalSection
	GlobalSection(ExtensibilityGlobals) = postSolution
		SolutionGuid = {D60C5ECB-9E53-4DD1-8FF1-5D000F56DC98}
	EndGlobalSection
EndGlobal
